
Microsoft Visual Studio Solution File, Format Version 12.00
# Visual Studio Version 16
VisualStudioVersion = 16.0.29503.13
MinimumVisualStudioVersion = 10.0.40219.1
Project("{9092AA53-FB77-4645-B42D-1CCCA6BD08BD}") = "Project", "Project.njsproj", "{36C24CE4-579B-4609-AD94-52603442CC21}"
EndProject
Global
	GlobalSection(SolutionConfigurationPlatforms) = preSolution
		Debug|Any CPU = Debug|Any CPU
		Release|Any CPU = Release|Any CPU
	EndGlobalSection
	GlobalSection(ProjectConfigurationPlatforms) = postSolution
		{36C24CE4-579B-4609-AD94-52603442CC21}.Debug|Any CPU.ActiveCfg = Debug|Any CPU
		{36C24CE4-579B-4609-AD94-52603442CC21}.Debug|Any CPU.Build.0 = Debug|Any CPU
		{36C24CE4-579B-4609-AD94-52603442CC21}.Release|Any CPU.ActiveCfg = Release|Any CPU
		{36C24CE4-579B-4609-AD94-52603442CC21}.Release|Any CPU.Build.0 = Release|Any CPU
	EndGlobalSection
	GlobalSection(SolutionProperties) = preSolution
		HideSolutionNode = FALSE
	EndGlobalSection
	GlobalSection(ExtensibilityGlobals) = postSolution
		SolutionGuid = {B8B9110A-12AE-40C7-9B23-6D321E8975F1}
	EndGlobalSection
EndGlobal
